// !$*UTF8*$!
{
	archiveVersion = 1;
	classes = {
	};
	objectVersion = 50;
	objects = {

/* Begin PBXBuildFile section */
		84BAF1CA254AA4350029C157 /* AppDelegate.swift in Sources */ = {isa = PBXBuildFile; fileRef = 84BAF1C9254AA4350029C157 /* AppDelegate.swift */; };
		84BAF1CC254AA4350029C157 /* SceneDelegate.swift in Sources */ = {isa = PBXBuildFile; fileRef = 84BAF1CB254AA4350029C157 /* SceneDelegate.swift */; };
		84BAF1CE254AA4350029C157 /* ContentView.swift in Sources */ = {isa = PBXBuildFile; fileRef = 84BAF1CD254AA4350029C157 /* ContentView.swift */; };
		84BAF1D0254AA4380029C157 /* Assets.xcassets in Resources */ = {isa = PBXBuildFile; fileRef = 84BAF1CF254AA4380029C157 /* Assets.xcassets */; };
		84BAF1D3254AA4380029C157 /* Preview Assets.xcassets in Resources */ = {isa = PBXBuildFile; fileRef = 84BAF1D2254AA4380029C157 /* Preview Assets.xcassets */; };
		84BAF1D6254AA4380029C157 /* LaunchScreen.storyboard in Resources */ = {isa = PBXBuildFile; fileRef = 84BAF1D4254AA4380029C157 /* LaunchScreen.storyboard */; };
		84BAF1E4254AA7290029C157 /* Todo.swift in Sources */ = {isa = PBXBuildFile; fileRef = 84BAF1E3254AA7290029C157 /* Todo.swift */; };
		84BAF1E7254AA7AE0029C157 /* DataManager.swift in Sources */ = {isa = PBXBuildFile; fileRef = 84BAF1E6254AA7AE0029C157 /* DataManager.swift */; };
		84BAF1EA254AAB6F0029C157 /* TodoListViewModel.swift in Sources */ = {isa = PBXBuildFile; fileRef = 84BAF1E9254AAB6F0029C157 /* TodoListViewModel.swift */; };
		84BAF1ED254AB7E60029C157 /* TodoListView.swift in Sources */ = {isa = PBXBuildFile; fileRef = 84BAF1EC254AB7E60029C157 /* TodoListView.swift */; };
		84BAF1F1254AB9B60029C157 /* MockDataManager.swift in Sources */ = {isa = PBXBuildFile; fileRef = 84BAF1F0254AB9B60029C157 /* MockDataManager.swift */; };
		84BAF1FB254AC4320029C157 /* NewTodoViewModel.swift in Sources */ = {isa = PBXBuildFile; fileRef = 84BAF1FA254AC4320029C157 /* NewTodoViewModel.swift */; };
		84BAF1FF254AC7020029C157 /* NewTodoView.swift in Sources */ = {isa = PBXBuildFile; fileRef = 84BAF1FE254AC7020029C157 /* NewTodoView.swift */; };
		84BAF202254ACC2C0029C157 /* KeyboardResponder.swift in Sources */ = {isa = PBXBuildFile; fileRef = 84BAF201254ACC2C0029C157 /* KeyboardResponder.swift */; };
		84BAF208254ADE4A0029C157 /* TodoRow.swift in Sources */ = {isa = PBXBuildFile; fileRef = 84BAF207254ADE4A0029C157 /* TodoRow.swift */; };
/* End PBXBuildFile section */

/* Begin PBXFileReference section */
		84BAF1C6254AA4350029C157 /* ToDoList.app */ = {isa = PBXFileReference; explicitFileType = wrapper.application; includeInIndex = 0; path = ToDoList.app; sourceTree = BUILT_PRODUCTS_DIR; };
		84BAF1C9254AA4350029C157 /* AppDelegate.swift */ = {isa = PBXFileReference; lastKnownFileType = sourcecode.swift; path = AppDelegate.swift; sourceTree = "<group>"; };
		84BAF1CB254AA4350029C157 /* SceneDelegate.swift */ = {isa = PBXFileReference; lastKnownFileType = sourcecode.swift; path = SceneDelegate.swift; sourceTree = "<group>"; };
		84BAF1CD254AA4350029C157 /* ContentView.swift */ = {isa = PBXFileReference; lastKnownFileType = sourcecode.swift; path = ContentView.swift; sourceTree = "<group>"; };
		84BAF1CF254AA4380029C157 /* Assets.xcassets */ = {isa = PBXFileReference; lastKnownFileType = folder.assetcatalog; path = Assets.xcassets; sourceTree = "<group>"; };
		84BAF1D2254AA4380029C157 /* Preview Assets.xcassets */ = {isa = PBXFileReference; lastKnownFileType = folder.assetcatalog; path = "Preview Assets.xcassets"; sourceTree = "<group>"; };
		84BAF1D5254AA4380029C157 /* Base */ = {isa = PBXFileReference; lastKnownFileType = file.storyboard; name = Base; path = Base.lproj/LaunchScreen.storyboard; sourceTree = "<group>"; };
		84BAF1D7254AA4380029C157 /* Info.plist */ = {isa = PBXFileReference; lastKnownFileType = text.plist.xml; path = Info.plist; sourceTree = "<group>"; };
		84BAF1E3254AA7290029C157 /* Todo.swift */ = {isa = PBXFileReference; lastKnownFileType = sourcecode.swift; path = Todo.swift; sourceTree = "<group>"; };
		84BAF1E6254AA7AE0029C157 /* DataManager.swift */ = {isa = PBXFileReference; lastKnownFileType = sourcecode.swift; path = DataManager.swift; sourceTree = "<group>"; };
		84BAF1E9254AAB6F0029C157 /* TodoListViewModel.swift */ = {isa = PBXFileReference; lastKnownFileType = sourcecode.swift; path = TodoListViewModel.swift; sourceTree = "<group>"; };
		84BAF1EC254AB7E60029C157 /* TodoListView.swift */ = {isa = PBXFileReference; lastKnownFileType = sourcecode.swift; path = TodoListView.swift; sourceTree = "<group>"; };
		84BAF1F0254AB9B60029C157 /* MockDataManager.swift */ = {isa = PBXFileReference; lastKnownFileType = sourcecode.swift; path = MockDataManager.swift; sourceTree = "<group>"; };
		84BAF1FA254AC4320029C157 /* NewTodoViewModel.swift */ = {isa = PBXFileReference; lastKnownFileType = sourcecode.swift; path = NewTodoViewModel.swift; sourceTree = "<group>"; };
		84BAF1FE254AC7020029C157 /* NewTodoView.swift */ = {isa = PBXFileReference; lastKnownFileType = sourcecode.swift; path = NewTodoView.swift; sourceTree = "<group>"; };
		84BAF201254ACC2C0029C157 /* KeyboardResponder.swift */ = {isa = PBXFileReference; lastKnownFileType = sourcecode.swift; path = KeyboardResponder.swift; sourceTree = "<group>"; };
		84BAF207254ADE4A0029C157 /* TodoRow.swift */ = {isa = PBXFileReference; lastKnownFileType = sourcecode.swift; path = TodoRow.swift; sourceTree = "<group>"; };
/* End PBXFileReference section */

/* Begin PBXFrameworksBuildPhase section */
		84BAF1C3254AA4350029C157 /* Frameworks */ = {
			isa = PBXFrameworksBuildPhase;
			buildActionMask = 2147483647;
			files = (
			);
			runOnlyForDeploymentPostprocessing = 0;
		};
/* End PBXFrameworksBuildPhase section */

/* Begin PBXGroup section */
		84BAF1BD254AA4350029C157 = {
			isa = PBXGroup;
			children = (
				84BAF1C8254AA4350029C157 /* ToDoList */,
				84BAF1C7254AA4350029C157 /* Products */,
			);
			sourceTree = "<group>";
		};
		84BAF1C7254AA4350029C157 /* Products */ = {
			isa = PBXGroup;
			children = (
				84BAF1C6254AA4350029C157 /* ToDoList.app */,
			);
			name = Products;
			sourceTree = "<group>";
		};
		84BAF1C8254AA4350029C157 /* ToDoList */ = {
			isa = PBXGroup;
			children = (
				84BAF1C9254AA4350029C157 /* AppDelegate.swift */,
				84BAF1CB254AA4350029C157 /* SceneDelegate.swift */,
				84BAF1CD254AA4350029C157 /* ContentView.swift */,
				84BAF1F3254AC1A20029C157 /* Model */,
				84BAF1F7254AC1BB0029C157 /* Manager */,
				84BAF1F9254AC1C90029C157 /* TodoList */,
				84BAF205254ADDF50029C157 /* NewTodo */,
				84BAF1F5254AC1B00029C157 /* Mock */,
				84BAF1CF254AA4380029C157 /* Assets.xcassets */,
				84BAF201254ACC2C0029C157 /* KeyboardResponder.swift */,
				84BAF1D4254AA4380029C157 /* LaunchScreen.storyboard */,
				84BAF1D7254AA4380029C157 /* Info.plist */,
				84BAF1D1254AA4380029C157 /* Preview Content */,
			);
			path = ToDoList;
			sourceTree = "<group>";
		};
		84BAF1D1254AA4380029C157 /* Preview Content */ = {
			isa = PBXGroup;
			children = (
				84BAF1D2254AA4380029C157 /* Preview Assets.xcassets */,
			);
			path = "Preview Content";
			sourceTree = "<group>";
		};
		84BAF1F3254AC1A20029C157 /* Model */ = {
			isa = PBXGroup;
			children = (
				84BAF1E3254AA7290029C157 /* Todo.swift */,
			);
			path = Model;
			sourceTree = "<group>";
		};
		84BAF1F5254AC1B00029C157 /* Mock */ = {
			isa = PBXGroup;
			children = (
				84BAF1F0254AB9B60029C157 /* MockDataManager.swift */,
			);
			path = Mock;
			sourceTree = "<group>";
		};
		84BAF1F7254AC1BB0029C157 /* Manager */ = {
			isa = PBXGroup;
			children = (
				84BAF1E6254AA7AE0029C157 /* DataManager.swift */,
			);
			path = Manager;
			sourceTree = "<group>";
		};
		84BAF1F9254AC1C90029C157 /* TodoList */ = {
			isa = PBXGroup;
			children = (
				84BAF1E9254AAB6F0029C157 /* TodoListViewModel.swift */,
				84BAF1EC254AB7E60029C157 /* TodoListView.swift */,
				84BAF207254ADE4A0029C157 /* TodoRow.swift */,
			);
			path = TodoList;
			sourceTree = "<group>";
		};
		84BAF205254ADDF50029C157 /* NewTodo */ = {
			isa = PBXGroup;
			children = (
				84BAF1FA254AC4320029C157 /* NewTodoViewModel.swift */,
				84BAF1FE254AC7020029C157 /* NewTodoView.swift */,
			);
			path = NewTodo;
			sourceTree = "<group>";
		};
/* End PBXGroup section */

/* Begin PBXNativeTarget section */
		84BAF1C5254AA4350029C157 /* ToDoList */ = {
			isa = PBXNativeTarget;
			buildConfigurationList = 84BAF1DA254AA4380029C157 /* Build configuration list for PBXNativeTarget "ToDoList" */;
			buildPhases = (
				84BAF1C2254AA4350029C157 /* Sources */,
				84BAF1C3254AA4350029C157 /* Frameworks */,
				84BAF1C4254AA4350029C157 /* Resources */,
			);
			buildRules = (
			);
			dependencies = (
			);
			name = ToDoList;
			productName = ToDoList;
			productReference = 84BAF1C6254AA4350029C157 /* ToDoList.app */;
			productType = "com.apple.product-type.application";
		};
/* End PBXNativeTarget section */

/* Begin PBXProject section */
		84BAF1BE254AA4350029C157 /* Project object */ = {
			isa = PBXProject;
			attributes = {
				LastSwiftUpdateCheck = 1200;
				LastUpgradeCheck = 1200;
				TargetAttributes = {
					84BAF1C5254AA4350029C157 = {
						CreatedOnToolsVersion = 12.0;
					};
				};
			};
			buildConfigurationList = 84BAF1C1254AA4350029C157 /* Build configuration list for PBXProject "ToDoList" */;
			compatibilityVersion = "Xcode 9.3";
			developmentRegion = en;
			hasScannedForEncodings = 0;
			knownRegions = (
				en,
				Base,
			);
			mainGroup = 84BAF1BD254AA4350029C157;
			productRefGroup = 84BAF1C7254AA4350029C157 /* Products */;
			projectDirPath = "";
			projectRoot = "";
			targets = (
				84BAF1C5254AA4350029C157 /* ToDoList */,
			);
		};
/* End PBXProject section */

/* Begin PBXResourcesBuildPhase section */
		84BAF1C4254AA4350029C157 /* Resources */ = {
			isa = PBXResourcesBuildPhase;
			buildActionMask = 2147483647;
			files = (
				84BAF1D6254AA4380029C157 /* LaunchScreen.storyboard in Resources */,
				84BAF1D3254AA4380029C157 /* Preview Assets.xcassets in Resources */,
				84BAF1D0254AA4380029C157 /* Assets.xcassets in Resources */,
			);
			runOnlyForDeploymentPostprocessing = 0;
		};
/* End PBXResourcesBuildPhase section */

/* Begin PBXSourcesBuildPhase section */
		84BAF1C2254AA4350029C157 /* Sources */ = {
			isa = PBXSourcesBuildPhase;
			buildActionMask = 2147483647;
			files = (
				84BAF1CA254AA4350029C157 /* AppDelegate.swift in Sources */,
				84BAF1ED254AB7E60029C157 /* TodoListView.swift in Sources */,
				84BAF208254ADE4A0029C157 /* TodoRow.swift in Sources */,
				84BAF1E7254AA7AE0029C157 /* DataManager.swift in Sources */,
				84BAF202254ACC2C0029C157 /* KeyboardResponder.swift in Sources */,
				84BAF1FF254AC7020029C157 /* NewTodoView.swift in Sources */,
				84BAF1CC254AA4350029C157 /* SceneDelegate.swift in Sources */,
				84BAF1CE254AA4350029C157 /* ContentView.swift in Sources */,
				84BAF1FB254AC4320029C157 /* NewTodoViewModel.swift in Sources */,
				84BAF1EA254AAB6F0029C157 /* TodoListViewModel.swift in Sources */,
				84BAF1E4254AA7290029C157 /* Todo.swift in Sources */,
				84BAF1F1254AB9B60029C157 /* MockDataManager.swift in Sources */,
			);
			runOnlyForDeploymentPostprocessing = 0;
		};
/* End PBXSourcesBuildPhase section */

/* Begin PBXVariantGroup section */
		84BAF1D4254AA4380029C157 /* LaunchScreen.storyboard */ = {
			isa = PBXVariantGroup;
			children = (
				84BAF1D5254AA4380029C157 /* Base */,
			);
			name = LaunchScreen.storyboard;
			sourceTree = "<group>";
		};
/* End PBXVariantGroup section */

/* Begin XCBuildConfiguration section */
		84BAF1D8254AA4380029C157 /* Debug */ = {
			isa = XCBuildConfiguration;
			buildSettings = {
				ALWAYS_SEARCH_USER_PATHS = NO;
				CLANG_ANALYZER_NONNULL = YES;
				CLANG_ANALYZER_NUMBER_OBJECT_CONVERSION = YES_AGGRESSIVE;
				CLANG_CXX_LANGUAGE_STANDARD = "gnu++14";
				CLANG_CXX_LIBRARY = "libc++";
				CLANG_ENABLE_MODULES = YES;
				CLANG_ENABLE_OBJC_ARC = YES;
				CLANG_ENABLE_OBJC_WEAK = YES;
				CLANG_WARN_BLOCK_CAPTURE_AUTORELEASING = YES;
				CLANG_WARN_BOOL_CONVERSION = YES;
				CLANG_WARN_COMMA = YES;
				CLANG_WARN_CONSTANT_CONVERSION = YES;
				CLANG_WARN_DEPRECATED_OBJC_IMPLEMENTATIONS = YES;
				CLANG_WARN_DIRECT_OBJC_ISA_USAGE = YES_ERROR;
				CLANG_WARN_DOCUMENTATION_COMMENTS = YES;
				CLANG_WARN_EMPTY_BODY = YES;
				CLANG_WARN_ENUM_CONVERSION = YES;
				CLANG_WARN_INFINITE_RECURSION = YES;
				CLANG_WARN_INT_CONVERSION = YES;
				CLANG_WARN_NON_LITERAL_NULL_CONVERSION = YES;
				CLANG_WARN_OBJC_IMPLICIT_RETAIN_SELF = YES;
				CLANG_WARN_OBJC_LITERAL_CONVERSION = YES;
				CLANG_WARN_OBJC_ROOT_CLASS = YES_ERROR;
				CLANG_WARN_QUOTED_INCLUDE_IN_FRAMEWORK_HEADER = YES;
				CLANG_WARN_RANGE_LOOP_ANALYSIS = YES;
				CLANG_WARN_STRICT_PROTOTYPES = YES;
				CLANG_WARN_SUSPICIOUS_MOVE = YES;
				CLANG_WARN_UNGUARDED_AVAILABILITY = YES_AGGRESSIVE;
				CLANG_WARN_UNREACHABLE_CODE = YES;
				CLANG_WARN__DUPLICATE_METHOD_MATCH = YES;
				COPY_PHASE_STRIP = NO;
				DEBUG_INFORMATION_FORMAT = dwarf;
				ENABLE_STRICT_OBJC_MSGSEND = YES;
				ENABLE_TESTABILITY = YES;
				GCC_C_LANGUAGE_STANDARD = gnu11;
				GCC_DYNAMIC_NO_PIC = NO;
				GCC_NO_COMMON_BLOCKS = YES;
				GCC_OPTIMIZATION_LEVEL = 0;
				GCC_PREPROCESSOR_DEFINITIONS = (
					"DEBUG=1",
					"$(inherited)",
				);
				GCC_WARN_64_TO_32_BIT_CONVERSION = YES;
				GCC_WARN_ABOUT_RETURN_TYPE = YES_ERROR;
				GCC_WARN_UNDECLARED_SELECTOR = YES;
				GCC_WARN_UNINITIALIZED_AUTOS = YES_AGGRESSIVE;
				GCC_WARN_UNUSED_FUNCTION = YES;
				GCC_WARN_UNUSED_VARIABLE = YES;
				IPHONEOS_DEPLOYMENT_TARGET = 14.0;
				MTL_ENABLE_DEBUG_INFO = INCLUDE_SOURCE;
				MTL_FAST_MATH = YES;
				ONLY_ACTIVE_ARCH = YES;
				SDKROOT = iphoneos;
				SWIFT_ACTIVE_COMPILATION_CONDITIONS = DEBUG;
				SWIFT_OPTIMIZATION_LEVEL = "-Onone";
			};
			name = Debug;
		};
		84BAF1D9254AA4380029C157 /* Release */ = {
			isa = XCBuildConfiguration;
			buildSettings = {
				ALWAYS_SEARCH_USER_PATHS = NO;
				CLANG_ANALYZER_NONNULL = YES;
				CLANG_ANALYZER_NUMBER_OBJECT_CONVERSION = YES_AGGRESSIVE;
				CLANG_CXX_LANGUAGE_STANDARD = "gnu++14";
				CLANG_CXX_LIBRARY = "libc++";
				CLANG_ENABLE_MODULES = YES;
				CLANG_ENABLE_OBJC_ARC = YES;
				CLANG_ENABLE_OBJC_WEAK = YES;
				CLANG_WARN_BLOCK_CAPTURE_AUTORELEASING = YES;
				CLANG_WARN_BOOL_CONVERSION = YES;
				CLANG_WARN_COMMA = YES;
				CLANG_WARN_CONSTANT_CONVERSION = YES;
				CLANG_WARN_DEPRECATED_OBJC_IMPLEMENTATIONS = YES;
				CLANG_WARN_DIRECT_OBJC_ISA_USAGE = YES_ERROR;
				CLANG_WARN_DOCUMENTATION_COMMENTS = YES;
				CLANG_WARN_EMPTY_BODY = YES;
				CLANG_WARN_ENUM_CONVERSION = YES;
				CLANG_WARN_INFINITE_RECURSION = YES;
				CLANG_WARN_INT_CONVERSION = YES;
				CLANG_WARN_NON_LITERAL_NULL_CONVERSION = YES;
				CLANG_WARN_OBJC_IMPLICIT_RETAIN_SELF = YES;
				CLANG_WARN_OBJC_LITERAL_CONVERSION = YES;
				CLANG_WARN_OBJC_ROOT_CLASS = YES_ERROR;
				CLANG_WARN_QUOTED_INCLUDE_IN_FRAMEWORK_HEADER = YES;
				CLANG_WARN_RANGE_LOOP_ANALYSIS = YES;
				CLANG_WARN_STRICT_PROTOTYPES = YES;
				CLANG_WARN_SUSPICIOUS_MOVE = YES;
				CLANG_WARN_UNGUARDED_AVAILABILITY = YES_AGGRESSIVE;
				CLANG_WARN_UNREACHABLE_CODE = YES;
				CLANG_WARN__DUPLICATE_METHOD_MATCH = YES;
				COPY_PHASE_STRIP = NO;
				DEBUG_INFORMATION_FORMAT = "dwarf-with-dsym";
				ENABLE_NS_ASSERTIONS = NO;
				ENABLE_STRICT_OBJC_MSGSEND = YES;
				GCC_C_LANGUAGE_STANDARD = gnu11;
				GCC_NO_COMMON_BLOCKS = YES;
				GCC_WARN_64_TO_32_BIT_CONVERSION = YES;
				GCC_WARN_ABOUT_RETURN_TYPE = YES_ERROR;
				GCC_WARN_UNDECLARED_SELECTOR = YES;
				GCC_WARN_UNINITIALIZED_AUTOS = YES_AGGRESSIVE;
				GCC_WARN_UNUSED_FUNCTION = YES;
				GCC_WARN_UNUSED_VARIABLE = YES;
				IPHONEOS_DEPLOYMENT_TARGET = 14.0;
				MTL_ENABLE_DEBUG_INFO = NO;
				MTL_FAST_MATH = YES;
				SDKROOT = iphoneos;
				SWIFT_COMPILATION_MODE = wholemodule;
				SWIFT_OPTIMIZATION_LEVEL = "-O";
				VALIDATE_PRODUCT = YES;
			};
			name = Release;
		};
		84BAF1DB254AA4380029C157 /* Debug */ = {
			isa = XCBuildConfiguration;
			buildSettings = {
				ASSETCATALOG_COMPILER_APPICON_NAME = AppIcon;
				ASSETCATALOG_COMPILER_GLOBAL_ACCENT_COLOR_NAME = AccentColor;
				CODE_SIGN_STYLE = Automatic;
				DEVELOPMENT_ASSET_PATHS = "\"ToDoList/Preview Content\"";
				DEVELOPMENT_TEAM = 57N7B6DUC2;
				ENABLE_PREVIEWS = YES;
				INFOPLIST_FILE = ToDoList/Info.plist;
				LD_RUNPATH_SEARCH_PATHS = (
					"$(inherited)",
					"@executable_path/Frameworks",
				);
				PRODUCT_BUNDLE_IDENTIFIER = com.Ozhegov.Ivan.ToDoList;
				PRODUCT_NAME = "$(TARGET_NAME)";
				SWIFT_VERSION = 5.0;
				TARGETED_DEVICE_FAMILY = "1,2";
			};
			name = Debug;
		};
		84BAF1DC254AA4380029C157 /* Release */ = {
			isa = XCBuildConfiguration;
			buildSettings = {
				ASSETCATALOG_COMPILER_APPICON_NAME = AppIcon;
				ASSETCATALOG_COMPILER_GLOBAL_ACCENT_COLOR_NAME = AccentColor;
				CODE_SIGN_STYLE = Automatic;
				DEVELOPMENT_ASSET_PATHS = "\"ToDoList/Preview Content\"";
				DEVELOPMENT_TEAM = 57N7B6DUC2;
				ENABLE_PREVIEWS = YES;
				INFOPLIST_FILE = ToDoList/Info.plist;
				LD_RUNPATH_SEARCH_PATHS = (
					"$(inherited)",
					"@executable_path/Frameworks",
				);
				PRODUCT_BUNDLE_IDENTIFIER = com.Ozhegov.Ivan.ToDoList;
				PRODUCT_NAME = "$(TARGET_NAME)";
				SWIFT_VERSION = 5.0;
				TARGETED_DEVICE_FAMILY = "1,2";
			};
			name = Release;
		};
/* End XCBuildConfiguration section */

/* Begin XCConfigurationList section */
		84BAF1C1254AA4350029C157 /* Build configuration list for PBXProject "ToDoList" */ = {
			isa = XCConfigurationList;
			buildConfigurations = (
				84BAF1D8254AA4380029C157 /* Debug */,
				84BAF1D9254AA4380029C157 /* Release */,
			);
			defaultConfigurationIsVisible = 0;
			defaultConfigurationName = Release;
		};
		84BAF1DA254AA4380029C157 /* Build configuration list for PBXNativeTarget "ToDoList" */ = {
			isa = XCConfigurationList;
			buildConfigurations = (
				84BAF1DB254AA4380029C157 /* Debug */,
				84BAF1DC254AA4380029C157 /* Release */,
			);
			defaultConfigurationIsVisible = 0;
			defaultConfigurationName = Release;
		};
/* End XCConfigurationList section */
	};
	rootObject = 84BAF1BE254AA4350029C157 /* Project object */;
}
